
Microsoft Visual Studio Solution File, Format Version 12.00
# Visual Studio Version 17
VisualStudioVersion = 17.8.34316.72
MinimumVisualStudioVersion = 10.0.40219.1
Project("{FAE04EC0-301F-11D3-BF4B-00C04F79EFBC}") = "WebSite", "WebSite\WebSite.csproj", "{EA898534-4DD6-441E-A12E-5526CEB0B2C8}"
EndProject
Global
	GlobalSection(SolutionConfigurationPlatforms) = preSolution
		Debug|Any CPU = Debug|Any CPU
		Release|Any CPU = Release|Any CPU
	EndGlobalSection
	GlobalSection(ProjectConfigurationPlatforms) = postSolution
		{EA898534-4DD6-441E-A12E-5526CEB0B2C8}.Debug|Any CPU.ActiveCfg = Debug|Any CPU
		{EA898534-4DD6-441E-A12E-5526CEB0B2C8}.Debug|Any CPU.Build.0 = Debug|Any CPU
		{EA898534-4DD6-441E-A12E-5526CEB0B2C8}.Release|Any CPU.ActiveCfg = Release|Any CPU
		{EA898534-4DD6-441E-A12E-5526CEB0B2C8}.Release|Any CPU.Build.0 = Release|Any CPU
	EndGlobalSection
	GlobalSection(SolutionProperties) = preSolution
		HideSolutionNode = FALSE
	EndGlobalSection
	GlobalSection(ExtensibilityGlobals) = postSolution
		SolutionGuid = {926F006B-BBCB-45FB-B87B-01064355BF9E}
	EndGlobalSection
EndGlobal
